
Microsoft Visual Studio Solution File, Format Version 12.00
Project("{FAE04EC0-301F-11D3-BF4B-00C04F79EFBC}") = "OneSearch.DataMapper.Example", "OneSearch.DataMapper.Example\OneSearch.DataMapper.Example.csproj", "{C816B0CC-C772-416A-9A4A-12EEF837FD5D}"
EndProject
Global
	GlobalSection(SolutionConfigurationPlatforms) = preSolution
		Debug|Any CPU = Debug|Any CPU
		Release|Any CPU = Release|Any CPU
	EndGlobalSection
	GlobalSection(ProjectConfigurationPlatforms) = postSolution
		{C816B0CC-C772-416A-9A4A-12EEF837FD5D}.Debug|Any CPU.ActiveCfg = Debug|Any CPU
		{C816B0CC-C772-416A-9A4A-12EEF837FD5D}.Debug|Any CPU.Build.0 = Debug|Any CPU
		{C816B0CC-C772-416A-9A4A-12EEF837FD5D}.Release|Any CPU.ActiveCfg = Release|Any CPU
		{C816B0CC-C772-416A-9A4A-12EEF837FD5D}.Release|Any CPU.Build.0 = Release|Any CPU
	EndGlobalSection
EndGlobal
